
Microsoft Visual Studio Solution File, Format Version 12.00
# Visual Studio Version 16
VisualStudioVersion = 16.0.29519.87
MinimumVisualStudioVersion = 10.0.40219.1
Project("{FAE04EC0-301F-11D3-BF4B-00C04F79EFBC}") = "algaGenetyczna", "algaGenetyczna\algaGenetyczna.csproj", "{D925FC42-149C-48DE-B81F-6C917420FFD9}"
EndProject
Global
	GlobalSection(SolutionConfigurationPlatforms) = preSolution
		Debug|Any CPU = Debug|Any CPU
		Release|Any CPU = Release|Any CPU
	EndGlobalSection
	GlobalSection(ProjectConfigurationPlatforms) = postSolution
		{D925FC42-149C-48DE-B81F-6C917420FFD9}.Debug|Any CPU.ActiveCfg = Debug|Any CPU
		{D925FC42-149C-48DE-B81F-6C917420FFD9}.Debug|Any CPU.Build.0 = Debug|Any CPU
		{D925FC42-149C-48DE-B81F-6C917420FFD9}.Release|Any CPU.ActiveCfg = Release|Any CPU
		{D925FC42-149C-48DE-B81F-6C917420FFD9}.Release|Any CPU.Build.0 = Release|Any CPU
	EndGlobalSection
	GlobalSection(SolutionProperties) = preSolution
		HideSolutionNode = FALSE
	EndGlobalSection
	GlobalSection(ExtensibilityGlobals) = postSolution
		SolutionGuid = {E4D5840A-3990-4837-89DF-6B6C00339AB2}
	EndGlobalSection
EndGlobal
